version = 1
revision = 3
requires-python = ">=3.14"

[[package]]
name = "demos-build-scons"
version = "0.0.0"
source = { virtual = "." }
dependencies = [
    { name = "scons" },
]

[package.metadata]
requires-dist = [{ name = "scons" }]

[[package]]
name = "scons"
version = "4.11.1"
source = { registry = "https://pypi.org/simple" }
sdist = { url = "https://files.pythonhosted.org/packages/42/b9/b7a5c88f348a0c34594d88100872c55fa1cae863ccb222c1c438341b5503/scons-4.11.1.tar.gz", hash = "sha256:4210d1a80a62e986029208117991b6347ccaaaab37b67463a3ff31ee065dc487", size = 3268963, upload-time = "2026-08-27T04:33:18.232Z" }
wheels = [
    { url = "https://files.pythonhosted.org/packages/8e/43/d6285848e893c19682c06e92679dc1a07d37ff7ea148747b1df681ec496c/scons-4.11.1-py3-none-any.whl", hash = "sha256:454cef364348053422696e3d2ecb4fa593c96a624f955842eaaea64f95c8d11d", size = 4123659, upload-time = "2026-08-27T04:33:12.728Z" },
]
